# This file is automatically @generated by Cargo.
# It is not intended for manual editing.
version = 4

[[package]]
name = "ecow"
version = "0.2.6"
source = "registry+https://github.com/rust-lang/crates.io-index"
checksum = "78e4f79b296fbaab6ce2e22d52cb4c7f010fe0ebe7a32e34fa25885fd797bd02"

[[package]]
name = "expr"
version = "0.1.0"
dependencies = [
 "ecow",
]
